
Microsoft Visual Studio Solution File, Format Version 12.00
# Visual Studio Version 16
VisualStudioVersion = 16.0.32228.343
MinimumVisualStudioVersion = 10.0.40219.1
Project("{FAE04EC0-301F-11D3-BF4B-00C04F79EFBC}") = "WinformText", "WinformText.csproj", "{129EF511-C917-47E0-BBD5-D2A9854EC4D7}"
EndProject
Global
	GlobalSection(SolutionConfigurationPlatforms) = preSolution
		Debug|Any CPU = Debug|Any CPU
		Release|Any CPU = Release|Any CPU
	EndGlobalSection
	GlobalSection(ProjectConfigurationPlatforms) = postSolution
		{129EF511-C917-47E0-BBD5-D2A9854EC4D7}.Debug|Any CPU.ActiveCfg = Debug|Any CPU
		{129EF511-C917-47E0-BBD5-D2A9854EC4D7}.Debug|Any CPU.Build.0 = Debug|Any CPU
		{129EF511-C917-47E0-BBD5-D2A9854EC4D7}.Release|Any CPU.ActiveCfg = Release|Any CPU
		{129EF511-C917-47E0-BBD5-D2A9854EC4D7}.Release|Any CPU.Build.0 = Release|Any CPU
	EndGlobalSection
	GlobalSection(SolutionProperties) = preSolution
		HideSolutionNode = FALSE
	EndGlobalSection
	GlobalSection(ExtensibilityGlobals) = postSolution
		SolutionGuid = {F990DB5B-2D66-4102-A4E2-F94C11FFBF4F}
	EndGlobalSection
EndGlobal
